schema: '2.0'
stages:
  snapshot:
    cmd: python -m src.ingestion.cli build-snapshot --output-dir 
      artifacts/snapshots data/raw_ebs/*_ebs
    deps:
    - path: data/raw_ebs
      hash: md5
      md5: c4e4737f97da90d3d68357861611cb02.dir
      size: 66665278
      nfiles: 3
    - path: src/ingestion
      hash: md5
      md5: 920cfcfb8af64ea0bed89125502a6249.dir
      size: 76352
      nfiles: 13
    outs:
    - path: artifacts/snapshots
      hash: md5
      md5: e2c8bd5dfbb87d04640bb03db5ebd843.dir
      size: 1138241
      nfiles: 2
  profile:
    cmd: python -m src.data.real_profile --ebs-dir data/raw_ebs --output 
      artifacts/synthetic/profile.json
    deps:
    - path: data/raw_ebs
      hash: md5
      md5: c4e4737f97da90d3d68357861611cb02.dir
      size: 66665278
      nfiles: 3
    - path: src/data/real_profile.py
      hash: md5
      md5: b38fe965fed1453e2d817df54eb3fafb
      size: 11901
    outs:
    - path: artifacts/synthetic/profile.json
      hash: md5
      md5: c0a600c2b4360a9ff5b719866d586bbd
      size: 63579
  features:
    cmd: python -m src.data.generate_datasets features --output 
      artifacts/synthetic
    deps:
    - path: src/data/generate_datasets.py
      hash: md5
      md5: 73b68c5d4ec3eecef963e24fb7bbe9e3
      size: 6991
    - path: src/data/synthetic_generator.py
      hash: md5
      md5: a91ff7acaeaa57d7f87f8bceb6876782
      size: 12178
    outs:
    - path: artifacts/synthetic/features
      hash: md5
      md5: 81381cffaa72d2fdcedadd660dc55df7.dir
      size: 610293
      nfiles: 14
  d2_features:
    cmd: python -m src.features.cli build-d2 --output artifacts/features
    deps:
    - path: artifacts/snapshots
      hash: md5
      md5: e2c8bd5dfbb87d04640bb03db5ebd843.dir
      size: 1138241
      nfiles: 2
    - path: src/features/builder.py
      hash: md5
      md5: b74e21f75a0ba57f967c721c93a114cc
      size: 9973
    - path: src/features/schema.py
      hash: md5
      md5: c007d04d2edc1e24626837e5eba5ba4d
      size: 3636
    outs:
    - path: artifacts/features
      hash: md5
      md5: f35e1e213a6b518f4cc585e73dd7e175.dir
      size: 184546
      nfiles: 2
  weak_labels:
    cmd: python -m src.features.cli weak-label --output 
      artifacts/features_labeled
    deps:
    - path: artifacts/features
      hash: md5
      md5: f35e1e213a6b518f4cc585e73dd7e175.dir
      size: 184546
      nfiles: 2
    - path: src/features/weak_labels.py
      hash: md5
      md5: 6f97461a3c031e4bd9ef1cd0f50738f7
      size: 8008
    outs:
    - path: artifacts/features_labeled
      hash: md5
      md5: c61ffafeb25dd1673d17bf7e4bd15566.dir
      size: 186853
      nfiles: 2
